<?xml version="1.0" encoding="utf-8"?>
<Project ToolsVersion="Current" xmlns="http://schemas.microsoft.com/developer/msbuild/2003">
  <ItemGroup>
    <ClCompile Include="GameController.cpp">
      <Filter>Pliki źródłowe</Filter>
    </ClCompile>
    <ClCompile Include="main.cpp">
      <Filter>Pliki źródłowe</Filter>
    </ClCompile>
    <ClCompile Include="GameObject.cpp">
      <Filter>Pliki źródłowe</Filter>
    </ClCompile>
    <ClCompile Include="Graphics.cpp">
      <Filter>Pliki źródłowe</Filter>
    </ClCompile>
    <ClCompile Include="Player.cpp">
      <Filter>Pliki źródłowe</Filter>
    </ClCompile>
    <ClCompile Include="ColliderShape.cpp">
      <Filter>Pliki źródłowe</Filter>
    </ClCompile>
    <ClCompile Include="Rectangle.cpp">
      <Filter>Pliki źródłowe</Filter>
    </ClCompile>
    <ClCompile Include="Camera.cpp">
      <Filter>Pliki źródłowe</Filter>
    </ClCompile>
    <ClCompile Include="List.cpp">
      <Filter>Pliki źródłowe</Filter>
    </ClCompile>
    <ClCompile Include="Level.cpp">
      <Filter>Pliki źródłowe</Filter>
    </ClCompile>
    <ClCompile Include="Tile.cpp">
      <Filter>Pliki źródłowe</Filter>
    </ClCompile>
    <ClCompile Include="Wall.cpp">
      <Filter>Pliki źródłowe</Filter>
    </ClCompile>
  </ItemGroup>
  <ItemGroup>
    <Filter Include="Pliki zasobów">
      <UniqueIdentifier>{622c56ad-ffd0-4b81-b7e8-0bd2f178f38a}</UniqueIdentifier>
    </Filter>
    <Filter Include="Pliki źródłowe">
      <UniqueIdentifier>{82297f5a-ac7b-4dd0-945f-5de85207b054}</UniqueIdentifier>
    </Filter>
  </ItemGroup>
  <ItemGroup>
    <ClInclude Include="GameController.h">
      <Filter>Pliki zasobów</Filter>
    </ClInclude>
    <ClInclude Include="GameObject.h">
      <Filter>Pliki zasobów</Filter>
    </ClInclude>
    <ClInclude Include="Graphics.h">
      <Filter>Pliki zasobów</Filter>
    </ClInclude>
    <ClInclude Include="Player.h">
      <Filter>Pliki zasobów</Filter>
    </ClInclude>
    <ClInclude Include="ColliderShape.h">
      <Filter>Pliki zasobów</Filter>
    </ClInclude>
    <ClInclude Include="Rectangle.h">
      <Filter>Pliki zasobów</Filter>
    </ClInclude>
    <ClInclude Include="Camera.h">
      <Filter>Pliki zasobów</Filter>
    </ClInclude>
    <ClInclude Include="List.h">
      <Filter>Pliki zasobów</Filter>
    </ClInclude>
    <ClInclude Include="Node.h">
      <Filter>Pliki zasobów</Filter>
    </ClInclude>
    <ClInclude Include="Vector2.h">
      <Filter>Pliki zasobów</Filter>
    </ClInclude>
    <ClInclude Include="Level.h">
      <Filter>Pliki zasobów</Filter>
    </ClInclude>
    <ClInclude Include="Tile.h">
      <Filter>Pliki zasobów</Filter>
    </ClInclude>
    <ClInclude Include="GLOBALS.h">
      <Filter>Pliki zasobów</Filter>
    </ClInclude>
    <ClInclude Include="Wall.h">
      <Filter>Pliki zasobów</Filter>
    </ClInclude>
  </ItemGroup>
</Project>